<?xml version="1.0" encoding="utf-8"?>
<Project ToolsVersion="4.0" xmlns="http://schemas.microsoft.com/developer/msbuild/2003">
  <ItemGroup>
    <Filter Include="Renderer">
      <UniqueIdentifier>{940b859f-59b4-49b8-b28d-1eaf645f0ea6}</UniqueIdentifier>
    </Filter>
    <Filter Include="System">
      <UniqueIdentifier>{7c39d277-acd0-4ccd-876b-eca0fb71729b}</UniqueIdentifier>
    </Filter>
    <Filter Include="System\Win">
      <UniqueIdentifier>{41fa50ff-8406-426a-b709-8597c59598fc}</UniqueIdentifier>
    </Filter>
    <Filter Include="Math">
      <UniqueIdentifier>{6445f972-1c0f-47ba-b9d4-3643478f9503}</UniqueIdentifier>
    </Filter>
  </ItemGroup>
  <ItemGroup>
    <ClCompile Include="main.cpp" />
    <ClCompile Include="Vos.cpp" />
    <ClCompile Include="Renderer\Renderer.cpp">
      <Filter>Renderer</Filter>
    </ClCompile>
    <ClCompile Include="Renderer\Vulkan.cpp">
      <Filter>Renderer</Filter>
    </ClCompile>
    <ClCompile Include="System\SysClock.cpp">
      <Filter>System</Filter>
    </ClCompile>
    <ClCompile Include="System\Win\SysVulkan.cpp">
      <Filter>System\Win</Filter>
    </ClCompile>
    <ClCompile Include="System\Win\SysWindow.cpp">
      <Filter>System\Win</Filter>
    </ClCompile>
    <ClCompile Include="System\Win\SysDisplayMode.cpp">
      <Filter>System\Win</Filter>
    </ClCompile>
    <ClCompile Include="System\SysMutex.cpp">
      <Filter>System</Filter>
    </ClCompile>
    <ClCompile Include="System\SysMutexLocker.cpp">
      <Filter>System</Filter>
    </ClCompile>
    <ClCompile Include="System\SysThread.cpp">
      <Filter>System</Filter>
    </ClCompile>
    <ClCompile Include="System\SysSleep.cpp">
      <Filter>System</Filter>
    </ClCompile>
  </ItemGroup>
  <ItemGroup>
    <ClInclude Include="Vos.h" />
    <ClInclude Include="Event.h" />
    <ClInclude Include="Renderer\Renderer.h">
      <Filter>Renderer</Filter>
    </ClInclude>
    <ClInclude Include="Renderer\Vulkan.h">
      <Filter>Renderer</Filter>
    </ClInclude>
    <ClInclude Include="System\SysWindow.h">
      <Filter>System</Filter>
    </ClInclude>
    <ClInclude Include="System\System.h">
      <Filter>System</Filter>
    </ClInclude>
    <ClInclude Include="System\SysClock.h">
      <Filter>System</Filter>
    </ClInclude>
    <ClInclude Include="System\Win\SysVulkan.h">
      <Filter>System\Win</Filter>
    </ClInclude>
    <ClInclude Include="System\Win\SysWindow.h">
      <Filter>System\Win</Filter>
    </ClInclude>
    <ClInclude Include="System\SysDisplayMode.h">
      <Filter>System</Filter>
    </ClInclude>
    <ClInclude Include="System\Win\SysDisplayMode.h">
      <Filter>System\Win</Filter>
    </ClInclude>
    <ClInclude Include="System\SysVulkan.h">
      <Filter>System</Filter>
    </ClInclude>
    <ClInclude Include="System\SysMutex.h">
      <Filter>System</Filter>
    </ClInclude>
    <ClInclude Include="System\SysMutexLocker.h">
      <Filter>System</Filter>
    </ClInclude>
    <ClInclude Include="System\SysThread.h">
      <Filter>System</Filter>
    </ClInclude>
    <ClInclude Include="System\SysSleep.h">
      <Filter>System</Filter>
    </ClInclude>
    <ClInclude Include="Math\Math.h">
      <Filter>Math</Filter>
    </ClInclude>
    <ClInclude Include="Math\Vector2.h">
      <Filter>Math</Filter>
    </ClInclude>
  </ItemGroup>
</Project>