<?xml version="1.0" encoding="utf-8"?>
<Project ToolsVersion="4.0" xmlns="http://schemas.microsoft.com/developer/msbuild/2003">
  <ItemGroup>
    <Filter Include="Renderer">
      <UniqueIdentifier>{940b859f-59b4-49b8-b28d-1eaf645f0ea6}</UniqueIdentifier>
    </Filter>
    <Filter Include="System">
      <UniqueIdentifier>{7c39d277-acd0-4ccd-876b-eca0fb71729b}</UniqueIdentifier>
    </Filter>
    <Filter Include="System\Win">
      <UniqueIdentifier>{41fa50ff-8406-426a-b709-8597c59598fc}</UniqueIdentifier>
    </Filter>
    <Filter Include="Math">
      <UniqueIdentifier>{6445f972-1c0f-47ba-b9d4-3643478f9503}</UniqueIdentifier>
    </Filter>
    <Filter Include="Renderer\Vulkan">
      <UniqueIdentifier>{827e486a-b080-4fc0-8883-bdbc151d386f}</UniqueIdentifier>
    </Filter>
    <Filter Include="Renderer\Shaders">
      <UniqueIdentifier>{cd23c501-6888-4864-a87b-c358aaeb870b}</UniqueIdentifier>
    </Filter>
    <Filter Include="Renderer\Shapes">
      <UniqueIdentifier>{da9bebd6-c287-4c94-bf66-2debaa11b853}</UniqueIdentifier>
    </Filter>
    <Filter Include="Images">
      <UniqueIdentifier>{ec8ca15e-1685-44f9-81a0-3001cec78990}</UniqueIdentifier>
    </Filter>
    <Filter Include="Images\Embedded">
      <UniqueIdentifier>{3caf441d-e46a-4174-b302-a9265e8221f0}</UniqueIdentifier>
    </Filter>
    <Filter Include="Compress">
      <UniqueIdentifier>{ca543703-05c4-456c-99c0-e4b70133d34b}</UniqueIdentifier>
    </Filter>
    <Filter Include="Renderer\GUI">
      <UniqueIdentifier>{1eb5d3fc-a139-4af4-be95-c4e4e0790251}</UniqueIdentifier>
    </Filter>
    <Filter Include="Network">
      <UniqueIdentifier>{940e2a07-6629-4f1b-a54c-3c7a94db1cfb}</UniqueIdentifier>
    </Filter>
    <Filter Include="Network\Win">
      <UniqueIdentifier>{c842206e-7bfa-4e6d-aa89-0e087c2a8c4e}</UniqueIdentifier>
    </Filter>
    <Filter Include="Physics">
      <UniqueIdentifier>{2aa44072-a845-4a8f-b8d8-50a1dd97a90f}</UniqueIdentifier>
    </Filter>
    <Filter Include="Game">
      <UniqueIdentifier>{c4371f93-72cd-44b2-8aca-78bdfa21ceda}</UniqueIdentifier>
    </Filter>
    <Filter Include="Resources">
      <UniqueIdentifier>{7044fbb2-2e6c-4616-bb73-268fb71ef8db}</UniqueIdentifier>
    </Filter>
  </ItemGroup>
  <ItemGroup>
    <ClCompile Include="main.cpp" />
    <ClCompile Include="Vos.cpp" />
    <ClCompile Include="Renderer\Renderer.cpp">
      <Filter>Renderer</Filter>
    </ClCompile>
    <ClCompile Include="System\SysClock.cpp">
      <Filter>System</Filter>
    </ClCompile>
    <ClCompile Include="System\Win\SysVulkan.cpp">
      <Filter>System\Win</Filter>
    </ClCompile>
    <ClCompile Include="System\Win\SysWindow.cpp">
      <Filter>System\Win</Filter>
    </ClCompile>
    <ClCompile Include="System\Win\SysDisplayMode.cpp">
      <Filter>System\Win</Filter>
    </ClCompile>
    <ClCompile Include="System\SysThread.cpp">
      <Filter>System</Filter>
    </ClCompile>
    <ClCompile Include="System\Win\SysMessage.cpp">
      <Filter>System\Win</Filter>
    </ClCompile>
    <ClCompile Include="Renderer\Sprite.cpp">
      <Filter>Renderer</Filter>
    </ClCompile>
    <ClCompile Include="Renderer\View.cpp">
      <Filter>Renderer</Filter>
    </ClCompile>
    <ClCompile Include="Renderer\Vulkan\Swapchain.cpp">
      <Filter>Renderer\Vulkan</Filter>
    </ClCompile>
    <ClCompile Include="Renderer\Vulkan\UniformBuffer.cpp">
      <Filter>Renderer\Vulkan</Filter>
    </ClCompile>
    <ClCompile Include="Renderer\Vulkan\VertexBuffer.cpp">
      <Filter>Renderer\Vulkan</Filter>
    </ClCompile>
    <ClCompile Include="Renderer\Vulkan\Vulkan.cpp">
      <Filter>Renderer\Vulkan</Filter>
    </ClCompile>
    <ClCompile Include="Renderer\Vulkan\VulkanBuffer.cpp">
      <Filter>Renderer\Vulkan</Filter>
    </ClCompile>
    <ClCompile Include="Renderer\Vulkan\VulkanMemory.cpp">
      <Filter>Renderer\Vulkan</Filter>
    </ClCompile>
    <ClCompile Include="Renderer\Vulkan\VulkanQueue.cpp">
      <Filter>Renderer\Vulkan</Filter>
    </ClCompile>
    <ClCompile Include="Renderer\Vulkan\GraphicsLayout.cpp">
      <Filter>Renderer\Vulkan</Filter>
    </ClCompile>
    <ClCompile Include="Renderer\ProcSprite.cpp">
      <Filter>Renderer</Filter>
    </ClCompile>
    <ClCompile Include="Images\BMPFile.cpp">
      <Filter>Images</Filter>
    </ClCompile>
    <ClCompile Include="Images\PNGFile.cpp">
      <Filter>Images</Filter>
    </ClCompile>
    <ClCompile Include="Compress\ZLib.cpp">
      <Filter>Compress</Filter>
    </ClCompile>
    <ClCompile Include="Renderer\Camera.cpp">
      <Filter>Renderer</Filter>
    </ClCompile>
    <ClCompile Include="Renderer\FreeFlyCam.cpp">
      <Filter>Renderer</Filter>
    </ClCompile>
    <ClCompile Include="Renderer\StaticMesh.cpp">
      <Filter>Renderer</Filter>
    </ClCompile>
    <ClCompile Include="Renderer\HeightMapChunk.cpp">
      <Filter>Renderer</Filter>
    </ClCompile>
    <ClCompile Include="Renderer\GUI\GUIPxText.cpp">
      <Filter>Renderer\GUI</Filter>
    </ClCompile>
    <ClCompile Include="Renderer\GUI\GUIWindow.cpp">
      <Filter>Renderer\GUI</Filter>
    </ClCompile>
    <ClCompile Include="Renderer\Shapes\EllipseShape.cpp">
      <Filter>Renderer\Shapes</Filter>
    </ClCompile>
    <ClCompile Include="Renderer\Shapes\RectangleShape.cpp">
      <Filter>Renderer\Shapes</Filter>
    </ClCompile>
    <ClCompile Include="Renderer\Shapes\CuboidShape.cpp">
      <Filter>Renderer\Shapes</Filter>
    </ClCompile>
    <ClCompile Include="Renderer\SkyBox.cpp">
      <Filter>Renderer</Filter>
    </ClCompile>
    <ClCompile Include="Network\Win\IPAddress4.cpp">
      <Filter>Network\Win</Filter>
    </ClCompile>
    <ClCompile Include="Network\Win\NetworkInit.cpp">
      <Filter>Network\Win</Filter>
    </ClCompile>
    <ClCompile Include="Network\Win\IPAddress6.cpp">
      <Filter>Network\Win</Filter>
    </ClCompile>
    <ClCompile Include="Network\Win\TCPSocket.cpp">
      <Filter>Network\Win</Filter>
    </ClCompile>
    <ClCompile Include="Network\Win\UDPSocket.cpp">
      <Filter>Network\Win</Filter>
    </ClCompile>
    <ClCompile Include="Renderer\OrbitalCam.cpp">
      <Filter>Renderer</Filter>
    </ClCompile>
    <ClCompile Include="Physics\Physics.cpp">
      <Filter>Physics</Filter>
    </ClCompile>
    <ClCompile Include="Physics\BoundingCircle.cpp">
      <Filter>Physics</Filter>
    </ClCompile>
    <ClCompile Include="Physics\Collision2.cpp">
      <Filter>Physics</Filter>
    </ClCompile>
    <ClCompile Include="Game\Game.cpp">
      <Filter>Game</Filter>
    </ClCompile>
    <ClCompile Include="System\SysCPU.cpp">
      <Filter>System</Filter>
    </ClCompile>
    <ClCompile Include="Resources\HeightMapLoader.cpp">
      <Filter>Resources</Filter>
    </ClCompile>
    <ClCompile Include="Resources\MeshLoader.cpp">
      <Filter>Resources</Filter>
    </ClCompile>
    <ClCompile Include="Resources\Resources.cpp">
      <Filter>Resources</Filter>
    </ClCompile>
    <ClCompile Include="Resources\TextureLoader.cpp">
      <Filter>Resources</Filter>
    </ClCompile>
    <ClCompile Include="Renderer\Vulkan\CubeMap.cpp">
      <Filter>Renderer\Vulkan</Filter>
    </ClCompile>
    <ClCompile Include="Renderer\Vulkan\Pipeline.cpp">
      <Filter>Renderer\Vulkan</Filter>
    </ClCompile>
    <ClCompile Include="Renderer\Vulkan\Shader.cpp">
      <Filter>Renderer\Vulkan</Filter>
    </ClCompile>
    <ClCompile Include="Renderer\Vulkan\Texture.cpp">
      <Filter>Renderer\Vulkan</Filter>
    </ClCompile>
    <ClCompile Include="Renderer\HeightMapStream.cpp">
      <Filter>Renderer</Filter>
    </ClCompile>
    <ClCompile Include="Renderer\Vulkan\TextureArray.cpp">
      <Filter>Renderer\Vulkan</Filter>
    </ClCompile>
    <ClCompile Include="Renderer\BackRenderer.cpp">
      <Filter>Renderer</Filter>
    </ClCompile>
    <ClCompile Include="Renderer\Vulkan\Backchain.cpp">
      <Filter>Renderer\Vulkan</Filter>
    </ClCompile>
    <ClCompile Include="Renderer\GUI\GUICursor.cpp">
      <Filter>Renderer\GUI</Filter>
    </ClCompile>
    <ClCompile Include="System\SysSettings.cpp">
      <Filter>System</Filter>
    </ClCompile>
    <ClCompile Include="Renderer\Vulkan\Uniformchain.cpp">
      <Filter>Renderer\Vulkan</Filter>
    </ClCompile>
    <ClCompile Include="Resources\HeightFarLoader.cpp">
      <Filter>Resources</Filter>
    </ClCompile>
    <ClCompile Include="Renderer\HeightFarChunk.cpp">
      <Filter>Renderer</Filter>
    </ClCompile>
    <ClCompile Include="Renderer\HeightFarStream.cpp">
      <Filter>Renderer</Filter>
    </ClCompile>
  </ItemGroup>
  <ItemGroup>
    <ClInclude Include="Vos.h" />
    <ClInclude Include="Renderer\Renderer.h">
      <Filter>Renderer</Filter>
    </ClInclude>
    <ClInclude Include="System\SysWindow.h">
      <Filter>System</Filter>
    </ClInclude>
    <ClInclude Include="System\System.h">
      <Filter>System</Filter>
    </ClInclude>
    <ClInclude Include="System\SysClock.h">
      <Filter>System</Filter>
    </ClInclude>
    <ClInclude Include="System\Win\SysVulkan.h">
      <Filter>System\Win</Filter>
    </ClInclude>
    <ClInclude Include="System\Win\SysWindow.h">
      <Filter>System\Win</Filter>
    </ClInclude>
    <ClInclude Include="System\SysDisplayMode.h">
      <Filter>System</Filter>
    </ClInclude>
    <ClInclude Include="System\Win\SysDisplayMode.h">
      <Filter>System\Win</Filter>
    </ClInclude>
    <ClInclude Include="System\SysVulkan.h">
      <Filter>System</Filter>
    </ClInclude>
    <ClInclude Include="System\SysMutex.h">
      <Filter>System</Filter>
    </ClInclude>
    <ClInclude Include="System\SysMutexLocker.h">
      <Filter>System</Filter>
    </ClInclude>
    <ClInclude Include="System\SysThread.h">
      <Filter>System</Filter>
    </ClInclude>
    <ClInclude Include="System\SysSleep.h">
      <Filter>System</Filter>
    </ClInclude>
    <ClInclude Include="Math\Math.h">
      <Filter>Math</Filter>
    </ClInclude>
    <ClInclude Include="Math\Vector2.h">
      <Filter>Math</Filter>
    </ClInclude>
    <ClInclude Include="Math\Vector3.h">
      <Filter>Math</Filter>
    </ClInclude>
    <ClInclude Include="Math\Matrix4x4.h">
      <Filter>Math</Filter>
    </ClInclude>
    <ClInclude Include="System\SysMessage.h">
      <Filter>System</Filter>
    </ClInclude>
    <ClInclude Include="System\Win\SysMessage.h">
      <Filter>System\Win</Filter>
    </ClInclude>
    <ClInclude Include="Renderer\Sprite.h">
      <Filter>Renderer</Filter>
    </ClInclude>
    <ClInclude Include="Renderer\View.h">
      <Filter>Renderer</Filter>
    </ClInclude>
    <ClInclude Include="Renderer\Vulkan\Swapchain.h">
      <Filter>Renderer\Vulkan</Filter>
    </ClInclude>
    <ClInclude Include="Renderer\Vulkan\UniformBuffer.h">
      <Filter>Renderer\Vulkan</Filter>
    </ClInclude>
    <ClInclude Include="Renderer\Vulkan\VertexBuffer.h">
      <Filter>Renderer\Vulkan</Filter>
    </ClInclude>
    <ClInclude Include="Renderer\Vulkan\Vulkan.h">
      <Filter>Renderer\Vulkan</Filter>
    </ClInclude>
    <ClInclude Include="Renderer\Vulkan\VulkanBuffer.h">
      <Filter>Renderer\Vulkan</Filter>
    </ClInclude>
    <ClInclude Include="Renderer\Vulkan\VulkanMemory.h">
      <Filter>Renderer\Vulkan</Filter>
    </ClInclude>
    <ClInclude Include="Renderer\Vulkan\VulkanQueue.h">
      <Filter>Renderer\Vulkan</Filter>
    </ClInclude>
    <ClInclude Include="Renderer\Shaders\Default.h">
      <Filter>Renderer\Shaders</Filter>
    </ClInclude>
    <ClInclude Include="Renderer\Vulkan\GraphicsLayout.h">
      <Filter>Renderer\Vulkan</Filter>
    </ClInclude>
    <ClInclude Include="Renderer\ProcSprite.h">
      <Filter>Renderer</Filter>
    </ClInclude>
    <ClInclude Include="Renderer\Shaders\DefaultProc.h">
      <Filter>Renderer\Shaders</Filter>
    </ClInclude>
    <ClInclude Include="Math\Vector4.h">
      <Filter>Math</Filter>
    </ClInclude>
    <ClInclude Include="System\SysCRC.h">
      <Filter>System</Filter>
    </ClInclude>
    <ClInclude Include="Images\BMPFile.h">
      <Filter>Images</Filter>
    </ClInclude>
    <ClInclude Include="Images\PNGFile.h">
      <Filter>Images</Filter>
    </ClInclude>
    <ClInclude Include="Images\Embedded\Cursor.h">
      <Filter>Images\Embedded</Filter>
    </ClInclude>
    <ClInclude Include="Compress\ZLib.h">
      <Filter>Compress</Filter>
    </ClInclude>
    <ClInclude Include="Renderer\Camera.h">
      <Filter>Renderer</Filter>
    </ClInclude>
    <ClInclude Include="Renderer\FreeFlyCam.h">
      <Filter>Renderer</Filter>
    </ClInclude>
    <ClInclude Include="Renderer\StaticMesh.h">
      <Filter>Renderer</Filter>
    </ClInclude>
    <ClInclude Include="Renderer\Shaders\StaticMesh.h">
      <Filter>Renderer\Shaders</Filter>
    </ClInclude>
    <ClInclude Include="Renderer\HeightMapChunk.h">
      <Filter>Renderer</Filter>
    </ClInclude>
    <ClInclude Include="Math\Transform2.h">
      <Filter>Math</Filter>
    </ClInclude>
    <ClInclude Include="Math\Transform3.h">
      <Filter>Math</Filter>
    </ClInclude>
    <ClInclude Include="Renderer\GUI\GUIPxText.h">
      <Filter>Renderer\GUI</Filter>
    </ClInclude>
    <ClInclude Include="Images\Embedded\PxFont.h">
      <Filter>Images\Embedded</Filter>
    </ClInclude>
    <ClInclude Include="Renderer\Shaders\PxText.h">
      <Filter>Renderer\Shaders</Filter>
    </ClInclude>
    <ClInclude Include="Renderer\GUI\GUIWindow.h">
      <Filter>Renderer\GUI</Filter>
    </ClInclude>
    <ClInclude Include="Images\Embedded\Window.h">
      <Filter>Images\Embedded</Filter>
    </ClInclude>
    <ClInclude Include="Renderer\Shaders\NinePatch.h">
      <Filter>Renderer\Shaders</Filter>
    </ClInclude>
    <ClInclude Include="Images\Embedded\EWCursor.h">
      <Filter>Images\Embedded</Filter>
    </ClInclude>
    <ClInclude Include="Images\Embedded\NESWCursor.h">
      <Filter>Images\Embedded</Filter>
    </ClInclude>
    <ClInclude Include="Images\Embedded\NSCursor.h">
      <Filter>Images\Embedded</Filter>
    </ClInclude>
    <ClInclude Include="Images\Embedded\NWSECursor.h">
      <Filter>Images\Embedded</Filter>
    </ClInclude>
    <ClInclude Include="Renderer\Shaders\Ellipse.h">
      <Filter>Renderer\Shaders</Filter>
    </ClInclude>
    <ClInclude Include="Renderer\Shaders\Rectangle.h">
      <Filter>Renderer\Shaders</Filter>
    </ClInclude>
    <ClInclude Include="Renderer\Shapes\EllipseShape.h">
      <Filter>Renderer\Shapes</Filter>
    </ClInclude>
    <ClInclude Include="Renderer\Shapes\RectangleShape.h">
      <Filter>Renderer\Shapes</Filter>
    </ClInclude>
    <ClInclude Include="Renderer\Shapes\CuboidShape.h">
      <Filter>Renderer\Shapes</Filter>
    </ClInclude>
    <ClInclude Include="Renderer\SkyBox.h">
      <Filter>Renderer</Filter>
    </ClInclude>
    <ClInclude Include="Renderer\Shaders\StaticProc.h">
      <Filter>Renderer\Shaders</Filter>
    </ClInclude>
    <ClInclude Include="Network\IPAddress4.h">
      <Filter>Network</Filter>
    </ClInclude>
    <ClInclude Include="Network\Win\IPAddress4.h">
      <Filter>Network\Win</Filter>
    </ClInclude>
    <ClInclude Include="Network\Win\IPAddress6.h">
      <Filter>Network\Win</Filter>
    </ClInclude>
    <ClInclude Include="Network\Win\TCPSocket.h">
      <Filter>Network\Win</Filter>
    </ClInclude>
    <ClInclude Include="Network\IPAddress6.h">
      <Filter>Network</Filter>
    </ClInclude>
    <ClInclude Include="Network\TCPSocket.h">
      <Filter>Network</Filter>
    </ClInclude>
    <ClInclude Include="Network\UDPSocket.h">
      <Filter>Network</Filter>
    </ClInclude>
    <ClInclude Include="Network\Win\UDPSocket.h">
      <Filter>Network\Win</Filter>
    </ClInclude>
    <ClInclude Include="Renderer\OrbitalCam.h">
      <Filter>Renderer</Filter>
    </ClInclude>
    <ClInclude Include="Math\Vector2i.h">
      <Filter>Math</Filter>
    </ClInclude>
    <ClInclude Include="Math\Vector3i.h">
      <Filter>Math</Filter>
    </ClInclude>
    <ClInclude Include="Math\Vector4i.h">
      <Filter>Math</Filter>
    </ClInclude>
    <ClInclude Include="Physics\Physics.h">
      <Filter>Physics</Filter>
    </ClInclude>
    <ClInclude Include="Physics\BoundingCircle.h">
      <Filter>Physics</Filter>
    </ClInclude>
    <ClInclude Include="Physics\Collision2.h">
      <Filter>Physics</Filter>
    </ClInclude>
    <ClInclude Include="Game\Game.h">
      <Filter>Game</Filter>
    </ClInclude>
    <ClInclude Include="System\SysCPU.h">
      <Filter>System</Filter>
    </ClInclude>
    <ClInclude Include="System\Win\SysCPU.h">
      <Filter>System\Win</Filter>
    </ClInclude>
    <ClInclude Include="Resources\HeightMapLoader.h">
      <Filter>Resources</Filter>
    </ClInclude>
    <ClInclude Include="Resources\MeshLoader.h">
      <Filter>Resources</Filter>
    </ClInclude>
    <ClInclude Include="Resources\Resources.h">
      <Filter>Resources</Filter>
    </ClInclude>
    <ClInclude Include="Resources\TextureLoader.h">
      <Filter>Resources</Filter>
    </ClInclude>
    <ClInclude Include="System\SysEvent.h">
      <Filter>System</Filter>
    </ClInclude>
    <ClInclude Include="Renderer\Vulkan\CubeMap.h">
      <Filter>Renderer\Vulkan</Filter>
    </ClInclude>
    <ClInclude Include="Renderer\Vulkan\Pipeline.h">
      <Filter>Renderer\Vulkan</Filter>
    </ClInclude>
    <ClInclude Include="Renderer\Vulkan\Shader.h">
      <Filter>Renderer\Vulkan</Filter>
    </ClInclude>
    <ClInclude Include="Renderer\Vulkan\Texture.h">
      <Filter>Renderer\Vulkan</Filter>
    </ClInclude>
    <ClInclude Include="Renderer\HeightMapStream.h">
      <Filter>Renderer</Filter>
    </ClInclude>
    <ClInclude Include="Renderer\Vulkan\TextureArray.h">
      <Filter>Renderer\Vulkan</Filter>
    </ClInclude>
    <ClInclude Include="Renderer\BackRenderer.h">
      <Filter>Renderer</Filter>
    </ClInclude>
    <ClInclude Include="Renderer\Vulkan\Backchain.h">
      <Filter>Renderer\Vulkan</Filter>
    </ClInclude>
    <ClInclude Include="Renderer\GUI\GUICursor.h">
      <Filter>Renderer\GUI</Filter>
    </ClInclude>
    <ClInclude Include="System\SysSettings.h">
      <Filter>System</Filter>
    </ClInclude>
    <ClInclude Include="Renderer\Vulkan\Uniformchain.h">
      <Filter>Renderer\Vulkan</Filter>
    </ClInclude>
    <ClInclude Include="Resources\HeightFarLoader.h">
      <Filter>Resources</Filter>
    </ClInclude>
    <ClInclude Include="Renderer\HeightFarChunk.h">
      <Filter>Renderer</Filter>
    </ClInclude>
    <ClInclude Include="Renderer\HeightFarStream.h">
      <Filter>Renderer</Filter>
    </ClInclude>
  </ItemGroup>
</Project>