<?xml version="1.0" encoding="utf-8"?>
<Project ToolsVersion="4.0" xmlns="http://schemas.microsoft.com/developer/msbuild/2003">
  <ItemGroup>
    <Filter Include="Renderer">
      <UniqueIdentifier>{940b859f-59b4-49b8-b28d-1eaf645f0ea6}</UniqueIdentifier>
    </Filter>
    <Filter Include="System">
      <UniqueIdentifier>{7c39d277-acd0-4ccd-876b-eca0fb71729b}</UniqueIdentifier>
    </Filter>
    <Filter Include="System\Win">
      <UniqueIdentifier>{41fa50ff-8406-426a-b709-8597c59598fc}</UniqueIdentifier>
    </Filter>
    <Filter Include="Math">
      <UniqueIdentifier>{6445f972-1c0f-47ba-b9d4-3643478f9503}</UniqueIdentifier>
    </Filter>
    <Filter Include="Renderer\Vulkan">
      <UniqueIdentifier>{827e486a-b080-4fc0-8883-bdbc151d386f}</UniqueIdentifier>
    </Filter>
    <Filter Include="Renderer\Shaders">
      <UniqueIdentifier>{cd23c501-6888-4864-a87b-c358aaeb870b}</UniqueIdentifier>
    </Filter>
    <Filter Include="Renderer\Shapes">
      <UniqueIdentifier>{da9bebd6-c287-4c94-bf66-2debaa11b853}</UniqueIdentifier>
    </Filter>
    <Filter Include="Images">
      <UniqueIdentifier>{ec8ca15e-1685-44f9-81a0-3001cec78990}</UniqueIdentifier>
    </Filter>
    <Filter Include="Images\Embedded">
      <UniqueIdentifier>{3caf441d-e46a-4174-b302-a9265e8221f0}</UniqueIdentifier>
    </Filter>
    <Filter Include="Compress">
      <UniqueIdentifier>{ca543703-05c4-456c-99c0-e4b70133d34b}</UniqueIdentifier>
    </Filter>
    <Filter Include="Renderer\GUI">
      <UniqueIdentifier>{1eb5d3fc-a139-4af4-be95-c4e4e0790251}</UniqueIdentifier>
    </Filter>
  </ItemGroup>
  <ItemGroup>
    <ClCompile Include="main.cpp" />
    <ClCompile Include="Vos.cpp" />
    <ClCompile Include="Renderer\Renderer.cpp">
      <Filter>Renderer</Filter>
    </ClCompile>
    <ClCompile Include="System\SysClock.cpp">
      <Filter>System</Filter>
    </ClCompile>
    <ClCompile Include="System\Win\SysVulkan.cpp">
      <Filter>System\Win</Filter>
    </ClCompile>
    <ClCompile Include="System\Win\SysWindow.cpp">
      <Filter>System\Win</Filter>
    </ClCompile>
    <ClCompile Include="System\Win\SysDisplayMode.cpp">
      <Filter>System\Win</Filter>
    </ClCompile>
    <ClCompile Include="System\SysMutex.cpp">
      <Filter>System</Filter>
    </ClCompile>
    <ClCompile Include="System\SysMutexLocker.cpp">
      <Filter>System</Filter>
    </ClCompile>
    <ClCompile Include="System\SysThread.cpp">
      <Filter>System</Filter>
    </ClCompile>
    <ClCompile Include="System\SysSleep.cpp">
      <Filter>System</Filter>
    </ClCompile>
    <ClCompile Include="Renderer\Texture.cpp">
      <Filter>Renderer</Filter>
    </ClCompile>
    <ClCompile Include="Renderer\Shader.cpp">
      <Filter>Renderer</Filter>
    </ClCompile>
    <ClCompile Include="System\Win\SysMessage.cpp">
      <Filter>System\Win</Filter>
    </ClCompile>
    <ClCompile Include="System\SysMemory.cpp">
      <Filter>System</Filter>
    </ClCompile>
    <ClCompile Include="Renderer\Sprite.cpp">
      <Filter>Renderer</Filter>
    </ClCompile>
    <ClCompile Include="Renderer\View.cpp">
      <Filter>Renderer</Filter>
    </ClCompile>
    <ClCompile Include="Renderer\Vulkan\Swapchain.cpp">
      <Filter>Renderer\Vulkan</Filter>
    </ClCompile>
    <ClCompile Include="Renderer\Vulkan\UniformBuffer.cpp">
      <Filter>Renderer\Vulkan</Filter>
    </ClCompile>
    <ClCompile Include="Renderer\Vulkan\VertexBuffer.cpp">
      <Filter>Renderer\Vulkan</Filter>
    </ClCompile>
    <ClCompile Include="Renderer\Vulkan\Vulkan.cpp">
      <Filter>Renderer\Vulkan</Filter>
    </ClCompile>
    <ClCompile Include="Renderer\Vulkan\VulkanBuffer.cpp">
      <Filter>Renderer\Vulkan</Filter>
    </ClCompile>
    <ClCompile Include="Renderer\Vulkan\VulkanMemory.cpp">
      <Filter>Renderer\Vulkan</Filter>
    </ClCompile>
    <ClCompile Include="Renderer\Vulkan\VulkanQueue.cpp">
      <Filter>Renderer\Vulkan</Filter>
    </ClCompile>
    <ClCompile Include="Renderer\Vulkan\GraphicsLayout.cpp">
      <Filter>Renderer\Vulkan</Filter>
    </ClCompile>
    <ClCompile Include="Renderer\ProcSprite.cpp">
      <Filter>Renderer</Filter>
    </ClCompile>
    <ClCompile Include="Renderer\Pipeline.cpp">
      <Filter>Renderer</Filter>
    </ClCompile>
    <ClCompile Include="Images\BMPFile.cpp">
      <Filter>Images</Filter>
    </ClCompile>
    <ClCompile Include="Images\PNGFile.cpp">
      <Filter>Images</Filter>
    </ClCompile>
    <ClCompile Include="Compress\ZLib.cpp">
      <Filter>Compress</Filter>
    </ClCompile>
    <ClCompile Include="Renderer\Camera.cpp">
      <Filter>Renderer</Filter>
    </ClCompile>
    <ClCompile Include="Renderer\FreeFlyCam.cpp">
      <Filter>Renderer</Filter>
    </ClCompile>
    <ClCompile Include="Renderer\StaticMesh.cpp">
      <Filter>Renderer</Filter>
    </ClCompile>
    <ClCompile Include="Renderer\HeightMapChunk.cpp">
      <Filter>Renderer</Filter>
    </ClCompile>
    <ClCompile Include="Renderer\GUI\GUIPxText.cpp">
      <Filter>Renderer\GUI</Filter>
    </ClCompile>
    <ClCompile Include="Renderer\GUI\GUIWindow.cpp">
      <Filter>Renderer\GUI</Filter>
    </ClCompile>
    <ClCompile Include="Renderer\Shapes\EllipseShape.cpp">
      <Filter>Renderer\Shapes</Filter>
    </ClCompile>
    <ClCompile Include="Renderer\Shapes\RectangleShape.cpp">
      <Filter>Renderer\Shapes</Filter>
    </ClCompile>
    <ClCompile Include="Renderer\Shapes\CuboidShape.cpp">
      <Filter>Renderer\Shapes</Filter>
    </ClCompile>
    <ClCompile Include="Renderer\SkyBox.cpp">
      <Filter>Renderer</Filter>
    </ClCompile>
  </ItemGroup>
  <ItemGroup>
    <ClInclude Include="Vos.h" />
    <ClInclude Include="Event.h" />
    <ClInclude Include="Renderer\Renderer.h">
      <Filter>Renderer</Filter>
    </ClInclude>
    <ClInclude Include="System\SysWindow.h">
      <Filter>System</Filter>
    </ClInclude>
    <ClInclude Include="System\System.h">
      <Filter>System</Filter>
    </ClInclude>
    <ClInclude Include="System\SysClock.h">
      <Filter>System</Filter>
    </ClInclude>
    <ClInclude Include="System\Win\SysVulkan.h">
      <Filter>System\Win</Filter>
    </ClInclude>
    <ClInclude Include="System\Win\SysWindow.h">
      <Filter>System\Win</Filter>
    </ClInclude>
    <ClInclude Include="System\SysDisplayMode.h">
      <Filter>System</Filter>
    </ClInclude>
    <ClInclude Include="System\Win\SysDisplayMode.h">
      <Filter>System\Win</Filter>
    </ClInclude>
    <ClInclude Include="System\SysVulkan.h">
      <Filter>System</Filter>
    </ClInclude>
    <ClInclude Include="System\SysMutex.h">
      <Filter>System</Filter>
    </ClInclude>
    <ClInclude Include="System\SysMutexLocker.h">
      <Filter>System</Filter>
    </ClInclude>
    <ClInclude Include="System\SysThread.h">
      <Filter>System</Filter>
    </ClInclude>
    <ClInclude Include="System\SysSleep.h">
      <Filter>System</Filter>
    </ClInclude>
    <ClInclude Include="Math\Math.h">
      <Filter>Math</Filter>
    </ClInclude>
    <ClInclude Include="Math\Vector2.h">
      <Filter>Math</Filter>
    </ClInclude>
    <ClInclude Include="Math\Vector3.h">
      <Filter>Math</Filter>
    </ClInclude>
    <ClInclude Include="Math\Matrix4x4.h">
      <Filter>Math</Filter>
    </ClInclude>
    <ClInclude Include="Renderer\Texture.h">
      <Filter>Renderer</Filter>
    </ClInclude>
    <ClInclude Include="Renderer\Shader.h">
      <Filter>Renderer</Filter>
    </ClInclude>
    <ClInclude Include="System\SysMessage.h">
      <Filter>System</Filter>
    </ClInclude>
    <ClInclude Include="System\Win\SysMessage.h">
      <Filter>System\Win</Filter>
    </ClInclude>
    <ClInclude Include="System\SysMemory.h">
      <Filter>System</Filter>
    </ClInclude>
    <ClInclude Include="Renderer\Sprite.h">
      <Filter>Renderer</Filter>
    </ClInclude>
    <ClInclude Include="Renderer\View.h">
      <Filter>Renderer</Filter>
    </ClInclude>
    <ClInclude Include="Renderer\Vulkan\Swapchain.h">
      <Filter>Renderer\Vulkan</Filter>
    </ClInclude>
    <ClInclude Include="Renderer\Vulkan\UniformBuffer.h">
      <Filter>Renderer\Vulkan</Filter>
    </ClInclude>
    <ClInclude Include="Renderer\Vulkan\VertexBuffer.h">
      <Filter>Renderer\Vulkan</Filter>
    </ClInclude>
    <ClInclude Include="Renderer\Vulkan\Vulkan.h">
      <Filter>Renderer\Vulkan</Filter>
    </ClInclude>
    <ClInclude Include="Renderer\Vulkan\VulkanBuffer.h">
      <Filter>Renderer\Vulkan</Filter>
    </ClInclude>
    <ClInclude Include="Renderer\Vulkan\VulkanMemory.h">
      <Filter>Renderer\Vulkan</Filter>
    </ClInclude>
    <ClInclude Include="Renderer\Vulkan\VulkanQueue.h">
      <Filter>Renderer\Vulkan</Filter>
    </ClInclude>
    <ClInclude Include="Renderer\Shaders\Default.h">
      <Filter>Renderer\Shaders</Filter>
    </ClInclude>
    <ClInclude Include="Renderer\Vulkan\GraphicsLayout.h">
      <Filter>Renderer\Vulkan</Filter>
    </ClInclude>
    <ClInclude Include="Renderer\ProcSprite.h">
      <Filter>Renderer</Filter>
    </ClInclude>
    <ClInclude Include="Renderer\Shaders\DefaultProc.h">
      <Filter>Renderer\Shaders</Filter>
    </ClInclude>
    <ClInclude Include="Math\Vector4.h">
      <Filter>Math</Filter>
    </ClInclude>
    <ClInclude Include="Renderer\Pipeline.h">
      <Filter>Renderer</Filter>
    </ClInclude>
    <ClInclude Include="System\SysCRC.h">
      <Filter>System</Filter>
    </ClInclude>
    <ClInclude Include="Images\BMPFile.h">
      <Filter>Images</Filter>
    </ClInclude>
    <ClInclude Include="Images\PNGFile.h">
      <Filter>Images</Filter>
    </ClInclude>
    <ClInclude Include="Images\Embedded\Cursor.h">
      <Filter>Images\Embedded</Filter>
    </ClInclude>
    <ClInclude Include="Compress\ZLib.h">
      <Filter>Compress</Filter>
    </ClInclude>
    <ClInclude Include="Renderer\Camera.h">
      <Filter>Renderer</Filter>
    </ClInclude>
    <ClInclude Include="Renderer\FreeFlyCam.h">
      <Filter>Renderer</Filter>
    </ClInclude>
    <ClInclude Include="Renderer\StaticMesh.h">
      <Filter>Renderer</Filter>
    </ClInclude>
    <ClInclude Include="Renderer\Shaders\StaticMesh.h">
      <Filter>Renderer\Shaders</Filter>
    </ClInclude>
    <ClInclude Include="Renderer\HeightMapChunk.h">
      <Filter>Renderer</Filter>
    </ClInclude>
    <ClInclude Include="Math\Transform2.h">
      <Filter>Math</Filter>
    </ClInclude>
    <ClInclude Include="Math\Transform3.h">
      <Filter>Math</Filter>
    </ClInclude>
    <ClInclude Include="Renderer\GUI\GUIPxText.h">
      <Filter>Renderer\GUI</Filter>
    </ClInclude>
    <ClInclude Include="Images\Embedded\PxFont.h">
      <Filter>Images\Embedded</Filter>
    </ClInclude>
    <ClInclude Include="Renderer\Shaders\PxText.h">
      <Filter>Renderer\Shaders</Filter>
    </ClInclude>
    <ClInclude Include="Renderer\GUI\GUIWindow.h">
      <Filter>Renderer\GUI</Filter>
    </ClInclude>
    <ClInclude Include="Images\Embedded\Window.h">
      <Filter>Images\Embedded</Filter>
    </ClInclude>
    <ClInclude Include="Renderer\Shaders\NinePatch.h">
      <Filter>Renderer\Shaders</Filter>
    </ClInclude>
    <ClInclude Include="Images\Embedded\EWCursor.h">
      <Filter>Images\Embedded</Filter>
    </ClInclude>
    <ClInclude Include="Images\Embedded\NESWCursor.h">
      <Filter>Images\Embedded</Filter>
    </ClInclude>
    <ClInclude Include="Images\Embedded\NSCursor.h">
      <Filter>Images\Embedded</Filter>
    </ClInclude>
    <ClInclude Include="Images\Embedded\NWSECursor.h">
      <Filter>Images\Embedded</Filter>
    </ClInclude>
    <ClInclude Include="Renderer\Shaders\Ellipse.h">
      <Filter>Renderer\Shaders</Filter>
    </ClInclude>
    <ClInclude Include="Renderer\Shaders\Rectangle.h">
      <Filter>Renderer\Shaders</Filter>
    </ClInclude>
    <ClInclude Include="Renderer\Shapes\EllipseShape.h">
      <Filter>Renderer\Shapes</Filter>
    </ClInclude>
    <ClInclude Include="Renderer\Shapes\RectangleShape.h">
      <Filter>Renderer\Shapes</Filter>
    </ClInclude>
    <ClInclude Include="Renderer\Shapes\CuboidShape.h">
      <Filter>Renderer\Shapes</Filter>
    </ClInclude>
    <ClInclude Include="Renderer\SkyBox.h">
      <Filter>Renderer</Filter>
    </ClInclude>
  </ItemGroup>
</Project>